
Microsoft Visual Studio Solution File, Format Version 12.00
# Visual Studio 15
Project("{FAE04EC0-301F-11D3-BF4B-00C04F79EFBC}") = "SteamVR_Actions", "SteamVR_Actions.csproj", "{7A6A6935-1FFC-995D-9C16-E791B3A61A89}"
EndProject
Project("{FAE04EC0-301F-11D3-BF4B-00C04F79EFBC}") = "Assembly-CSharp", "Assembly-CSharp.csproj", "{80A91B32-1AB0-FA22-6B0E-96FF4E1D5660}"
EndProject
Project("{FAE04EC0-301F-11D3-BF4B-00C04F79EFBC}") = "SteamVR", "SteamVR.csproj", "{EF5342AF-7D3D-7922-CF95-27021B76B2F0}"
EndProject
Project("{FAE04EC0-301F-11D3-BF4B-00C04F79EFBC}") = "Assembly-CSharp-Editor", "Assembly-CSharp-Editor.csproj", "{6B1A8A83-7D82-4A3E-B638-DB247DC22A55}"
EndProject
Project("{FAE04EC0-301F-11D3-BF4B-00C04F79EFBC}") = "Unity.ProBuilder.Examples.Editor", "Unity.ProBuilder.Examples.Editor.csproj", "{1618AA0F-AA55-1338-A201-05903252EE64}"
EndProject
Project("{FAE04EC0-301F-11D3-BF4B-00C04F79EFBC}") = "SteamVR_Editor", "SteamVR_Editor.csproj", "{C229F116-AF5A-9D84-5E1A-426D032705FA}"
EndProject
Project("{FAE04EC0-301F-11D3-BF4B-00C04F79EFBC}") = "SteamVR_Input_Editor", "SteamVR_Input_Editor.csproj", "{29F2FF33-54D3-D6E0-D251-16A33C3E52A3}"
EndProject
Project("{FAE04EC0-301F-11D3-BF4B-00C04F79EFBC}") = "SteamVR_Windows_EditorHelper", "SteamVR_Windows_EditorHelper.csproj", "{A7B7B3AB-303F-52AD-4A72-52E16410FABD}"
EndProject
Global
	GlobalSection(SolutionConfigurationPlatforms) = preSolution
		Debug|Any CPU = Debug|Any CPU
		Release|Any CPU = Release|Any CPU
	EndGlobalSection
	GlobalSection(ProjectConfigurationPlatforms) = postSolution
		{7A6A6935-1FFC-995D-9C16-E791B3A61A89}.Debug|Any CPU.ActiveCfg = Debug|Any CPU
		{7A6A6935-1FFC-995D-9C16-E791B3A61A89}.Debug|Any CPU.Build.0 = Debug|Any CPU
		{7A6A6935-1FFC-995D-9C16-E791B3A61A89}.Release|Any CPU.ActiveCfg = Release|Any CPU
		{7A6A6935-1FFC-995D-9C16-E791B3A61A89}.Release|Any CPU.Build.0 = Release|Any CPU
		{80A91B32-1AB0-FA22-6B0E-96FF4E1D5660}.Debug|Any CPU.ActiveCfg = Debug|Any CPU
		{80A91B32-1AB0-FA22-6B0E-96FF4E1D5660}.Debug|Any CPU.Build.0 = Debug|Any CPU
		{80A91B32-1AB0-FA22-6B0E-96FF4E1D5660}.Release|Any CPU.ActiveCfg = Release|Any CPU
		{80A91B32-1AB0-FA22-6B0E-96FF4E1D5660}.Release|Any CPU.Build.0 = Release|Any CPU
		{EF5342AF-7D3D-7922-CF95-27021B76B2F0}.Debug|Any CPU.ActiveCfg = Debug|Any CPU
		{EF5342AF-7D3D-7922-CF95-27021B76B2F0}.Debug|Any CPU.Build.0 = Debug|Any CPU
		{EF5342AF-7D3D-7922-CF95-27021B76B2F0}.Release|Any CPU.ActiveCfg = Release|Any CPU
		{EF5342AF-7D3D-7922-CF95-27021B76B2F0}.Release|Any CPU.Build.0 = Release|Any CPU
		{6B1A8A83-7D82-4A3E-B638-DB247DC22A55}.Debug|Any CPU.ActiveCfg = Debug|Any CPU
		{6B1A8A83-7D82-4A3E-B638-DB247DC22A55}.Debug|Any CPU.Build.0 = Debug|Any CPU
		{6B1A8A83-7D82-4A3E-B638-DB247DC22A55}.Release|Any CPU.ActiveCfg = Release|Any CPU
		{6B1A8A83-7D82-4A3E-B638-DB247DC22A55}.Release|Any CPU.Build.0 = Release|Any CPU
		{1618AA0F-AA55-1338-A201-05903252EE64}.Debug|Any CPU.ActiveCfg = Debug|Any CPU
		{1618AA0F-AA55-1338-A201-05903252EE64}.Debug|Any CPU.Build.0 = Debug|Any CPU
		{1618AA0F-AA55-1338-A201-05903252EE64}.Release|Any CPU.ActiveCfg = Release|Any CPU
		{1618AA0F-AA55-1338-A201-05903252EE64}.Release|Any CPU.Build.0 = Release|Any CPU
		{C229F116-AF5A-9D84-5E1A-426D032705FA}.Debug|Any CPU.ActiveCfg = Debug|Any CPU
		{C229F116-AF5A-9D84-5E1A-426D032705FA}.Debug|Any CPU.Build.0 = Debug|Any CPU
		{C229F116-AF5A-9D84-5E1A-426D032705FA}.Release|Any CPU.ActiveCfg = Release|Any CPU
		{C229F116-AF5A-9D84-5E1A-426D032705FA}.Release|Any CPU.Build.0 = Release|Any CPU
		{29F2FF33-54D3-D6E0-D251-16A33C3E52A3}.Debug|Any CPU.ActiveCfg = Debug|Any CPU
		{29F2FF33-54D3-D6E0-D251-16A33C3E52A3}.Debug|Any CPU.Build.0 = Debug|Any CPU
		{29F2FF33-54D3-D6E0-D251-16A33C3E52A3}.Release|Any CPU.ActiveCfg = Release|Any CPU
		{29F2FF33-54D3-D6E0-D251-16A33C3E52A3}.Release|Any CPU.Build.0 = Release|Any CPU
		{A7B7B3AB-303F-52AD-4A72-52E16410FABD}.Debug|Any CPU.ActiveCfg = Debug|Any CPU
		{A7B7B3AB-303F-52AD-4A72-52E16410FABD}.Debug|Any CPU.Build.0 = Debug|Any CPU
		{A7B7B3AB-303F-52AD-4A72-52E16410FABD}.Release|Any CPU.ActiveCfg = Release|Any CPU
		{A7B7B3AB-303F-52AD-4A72-52E16410FABD}.Release|Any CPU.Build.0 = Release|Any CPU
	EndGlobalSection
	GlobalSection(SolutionProperties) = preSolution
		HideSolutionNode = FALSE
	EndGlobalSection
EndGlobal
